
Microsoft Visual Studio Solution File, Format Version 12.00
# Visual Studio Version 17
VisualStudioVersion = 17.3.32819.101
MinimumVisualStudioVersion = 10.0.40219.1
Project("{2150E333-8FDC-42A3-9474-1A3956D46DE8}") = "Services", "Services", "{0E8C9C28-F25F-4813-A008-79E2D8C04D38}"
EndProject
Project("{9A19103F-16F7-4668-BE54-9A1E7A4F7556}") = "LinearSistemas.CanaisVendasProdutos.API", "src\LinearSistemas.CanaisVendasProdutos\LinearSistemas.CanaisVendasProdutos.API.csproj", "{C1E58FB3-45E8-41C8-85AC-606EB15FDB2D}"
EndProject
Project("{2150E333-8FDC-42A3-9474-1A3956D46DE8}") = "CanaisVendas", "CanaisVendas", "{C6AA7416-25BC-4DE4-9775-7D9F1908165F}"
EndProject
Project("{9A19103F-16F7-4668-BE54-9A1E7A4F7556}") = "LinearSistemas.CanaisVendas.Application", "src\CanaisVendas.Application\LinearSistemas.CanaisVendas.Application.csproj", "{ACFA0780-809A-46B4-BEB0-E047CD93E05C}"
EndProject
Project("{9A19103F-16F7-4668-BE54-9A1E7A4F7556}") = "LinearSistemas.CanaisVendas.Domain", "src\LinearSistemas.CanaisVendas.Domain\LinearSistemas.CanaisVendas.Domain.csproj", "{82523A67-DA8F-41C5-9AED-509664FA92AF}"
EndProject
Project("{9A19103F-16F7-4668-BE54-9A1E7A4F7556}") = "LinearSistemas.CanaisVendas.Infra", "src\LinearSistemas.CanaisVendas.Infra\LinearSistemas.CanaisVendas.Infra.csproj", "{8465B1B3-0053-4FA5-A3A3-D03B897D3A2F}"
EndProject
Project("{2150E333-8FDC-42A3-9474-1A3956D46DE8}") = "Tests", "Tests", "{81F4DC37-1F37-4750-8BFB-7A9C8AD9C263}"
EndProject
Project("{9A19103F-16F7-4668-BE54-9A1E7A4F7556}") = "LinearSistemas.CanaisVendasProdutos.Application.Tests", "src\LinearSistemas.CanaisVendasProdutos.Application.Tests\LinearSistemas.CanaisVendasProdutos.Application.Tests.csproj", "{F61CAFF1-EF94-4FC0-8711-923FB3289311}"
EndProject
Project("{E53339B2-1760-4266-BCC7-CA923CBCF16C}") = "docker-compose", "docker-compose.dcproj", "{35E18165-C7AA-4370-BEF1-2A4D012BB5C5}"
EndProject
Global
	GlobalSection(SolutionConfigurationPlatforms) = preSolution
		Debug|Any CPU = Debug|Any CPU
		Release|Any CPU = Release|Any CPU
	EndGlobalSection
	GlobalSection(ProjectConfigurationPlatforms) = postSolution
		{C1E58FB3-45E8-41C8-85AC-606EB15FDB2D}.Debug|Any CPU.ActiveCfg = Debug|Any CPU
		{C1E58FB3-45E8-41C8-85AC-606EB15FDB2D}.Debug|Any CPU.Build.0 = Debug|Any CPU
		{C1E58FB3-45E8-41C8-85AC-606EB15FDB2D}.Release|Any CPU.ActiveCfg = Release|Any CPU
		{C1E58FB3-45E8-41C8-85AC-606EB15FDB2D}.Release|Any CPU.Build.0 = Release|Any CPU
		{ACFA0780-809A-46B4-BEB0-E047CD93E05C}.Debug|Any CPU.ActiveCfg = Debug|Any CPU
		{ACFA0780-809A-46B4-BEB0-E047CD93E05C}.Debug|Any CPU.Build.0 = Debug|Any CPU
		{ACFA0780-809A-46B4-BEB0-E047CD93E05C}.Release|Any CPU.ActiveCfg = Release|Any CPU
		{ACFA0780-809A-46B4-BEB0-E047CD93E05C}.Release|Any CPU.Build.0 = Release|Any CPU
		{82523A67-DA8F-41C5-9AED-509664FA92AF}.Debug|Any CPU.ActiveCfg = Debug|Any CPU
		{82523A67-DA8F-41C5-9AED-509664FA92AF}.Debug|Any CPU.Build.0 = Debug|Any CPU
		{82523A67-DA8F-41C5-9AED-509664FA92AF}.Release|Any CPU.ActiveCfg = Release|Any CPU
		{82523A67-DA8F-41C5-9AED-509664FA92AF}.Release|Any CPU.Build.0 = Release|Any CPU
		{8465B1B3-0053-4FA5-A3A3-D03B897D3A2F}.Debug|Any CPU.ActiveCfg = Debug|Any CPU
		{8465B1B3-0053-4FA5-A3A3-D03B897D3A2F}.Debug|Any CPU.Build.0 = Debug|Any CPU
		{8465B1B3-0053-4FA5-A3A3-D03B897D3A2F}.Release|Any CPU.ActiveCfg = Release|Any CPU
		{8465B1B3-0053-4FA5-A3A3-D03B897D3A2F}.Release|Any CPU.Build.0 = Release|Any CPU
		{F61CAFF1-EF94-4FC0-8711-923FB3289311}.Debug|Any CPU.ActiveCfg = Debug|Any CPU
		{F61CAFF1-EF94-4FC0-8711-923FB3289311}.Debug|Any CPU.Build.0 = Debug|Any CPU
		{F61CAFF1-EF94-4FC0-8711-923FB3289311}.Release|Any CPU.ActiveCfg = Release|Any CPU
		{F61CAFF1-EF94-4FC0-8711-923FB3289311}.Release|Any CPU.Build.0 = Release|Any CPU
		{35E18165-C7AA-4370-BEF1-2A4D012BB5C5}.Debug|Any CPU.ActiveCfg = Debug|Any CPU
		{35E18165-C7AA-4370-BEF1-2A4D012BB5C5}.Debug|Any CPU.Build.0 = Debug|Any CPU
		{35E18165-C7AA-4370-BEF1-2A4D012BB5C5}.Release|Any CPU.ActiveCfg = Release|Any CPU
		{35E18165-C7AA-4370-BEF1-2A4D012BB5C5}.Release|Any CPU.Build.0 = Release|Any CPU
	EndGlobalSection
	GlobalSection(SolutionProperties) = preSolution
		HideSolutionNode = FALSE
	EndGlobalSection
	GlobalSection(NestedProjects) = preSolution
		{C1E58FB3-45E8-41C8-85AC-606EB15FDB2D} = {C6AA7416-25BC-4DE4-9775-7D9F1908165F}
		{C6AA7416-25BC-4DE4-9775-7D9F1908165F} = {0E8C9C28-F25F-4813-A008-79E2D8C04D38}
		{ACFA0780-809A-46B4-BEB0-E047CD93E05C} = {C6AA7416-25BC-4DE4-9775-7D9F1908165F}
		{82523A67-DA8F-41C5-9AED-509664FA92AF} = {C6AA7416-25BC-4DE4-9775-7D9F1908165F}
		{8465B1B3-0053-4FA5-A3A3-D03B897D3A2F} = {C6AA7416-25BC-4DE4-9775-7D9F1908165F}
		{F61CAFF1-EF94-4FC0-8711-923FB3289311} = {81F4DC37-1F37-4750-8BFB-7A9C8AD9C263}
	EndGlobalSection
	GlobalSection(ExtensibilityGlobals) = postSolution
		SolutionGuid = {C41AD2B2-E3E9-498A-9064-32E42494966E}
	EndGlobalSection
EndGlobal
